
Microsoft Visual Studio Solution File, Format Version 12.00
# Visual Studio Version 16
VisualStudioVersion = 16.0.28803.352
MinimumVisualStudioVersion = 10.0.40219.1
Project("{888888A0-9F3D-457C-B088-3A5042F75D52}") = "Project3", "Project3.pyproj", "{8F8D8D37-7B9F-4688-99BA-4C4E87ACA12D}"
EndProject
Global
	GlobalSection(SolutionConfigurationPlatforms) = preSolution
		Debug|Any CPU = Debug|Any CPU
		Release|Any CPU = Release|Any CPU
	EndGlobalSection
	GlobalSection(ProjectConfigurationPlatforms) = postSolution
		{8F8D8D37-7B9F-4688-99BA-4C4E87ACA12D}.Debug|Any CPU.ActiveCfg = Debug|Any CPU
		{8F8D8D37-7B9F-4688-99BA-4C4E87ACA12D}.Release|Any CPU.ActiveCfg = Release|Any CPU
	EndGlobalSection
	GlobalSection(SolutionProperties) = preSolution
		HideSolutionNode = FALSE
	EndGlobalSection
	GlobalSection(ExtensibilityGlobals) = postSolution
		SolutionGuid = {B731E2FA-78E8-403F-B886-815C2C735C08}
	EndGlobalSection
EndGlobal
